
Microsoft Visual Studio Solution File, Format Version 12.00
# Visual Studio Version 17
VisualStudioVersion = 17.0.31903.59
MinimumVisualStudioVersion = 10.0.40219.1
Project("{9A19103F-16F7-4668-BE54-9A1E7A4F7556}") = "LoadingDllAtRuntime", "LoadingDllAtRuntime\LoadingDllAtRuntime.csproj", "{57FB861D-FAD8-457F-8425-C0EF4CCC2B46}"
EndProject
Project("{9A19103F-16F7-4668-BE54-9A1E7A4F7556}") = "Module1", "Module1\Module1.csproj", "{BE004D82-9138-43FA-B8D4-EBAEEBE7E14D}"
EndProject
Project("{9A19103F-16F7-4668-BE54-9A1E7A4F7556}") = "Module2", "Module2\Module2.csproj", "{1EF9A84C-DB63-46CC-8C69-85B9770A54D2}"
EndProject
Project("{9A19103F-16F7-4668-BE54-9A1E7A4F7556}") = "LoadingDllAtRuntimeWithControllers", "LoadingDllAtRuntimeWithControllers\LoadingDllAtRuntimeWithControllers.csproj", "{A6D3761D-D551-400C-B815-C812EE813B59}"
EndProject
Global
	GlobalSection(SolutionConfigurationPlatforms) = preSolution
		Debug|Any CPU = Debug|Any CPU
		Release|Any CPU = Release|Any CPU
	EndGlobalSection
	GlobalSection(ProjectConfigurationPlatforms) = postSolution
		{57FB861D-FAD8-457F-8425-C0EF4CCC2B46}.Debug|Any CPU.ActiveCfg = Debug|Any CPU
		{57FB861D-FAD8-457F-8425-C0EF4CCC2B46}.Debug|Any CPU.Build.0 = Debug|Any CPU
		{57FB861D-FAD8-457F-8425-C0EF4CCC2B46}.Release|Any CPU.ActiveCfg = Release|Any CPU
		{57FB861D-FAD8-457F-8425-C0EF4CCC2B46}.Release|Any CPU.Build.0 = Release|Any CPU
		{BE004D82-9138-43FA-B8D4-EBAEEBE7E14D}.Debug|Any CPU.ActiveCfg = Debug|Any CPU
		{BE004D82-9138-43FA-B8D4-EBAEEBE7E14D}.Debug|Any CPU.Build.0 = Debug|Any CPU
		{BE004D82-9138-43FA-B8D4-EBAEEBE7E14D}.Release|Any CPU.ActiveCfg = Release|Any CPU
		{BE004D82-9138-43FA-B8D4-EBAEEBE7E14D}.Release|Any CPU.Build.0 = Release|Any CPU
		{1EF9A84C-DB63-46CC-8C69-85B9770A54D2}.Debug|Any CPU.ActiveCfg = Debug|Any CPU
		{1EF9A84C-DB63-46CC-8C69-85B9770A54D2}.Debug|Any CPU.Build.0 = Debug|Any CPU
		{1EF9A84C-DB63-46CC-8C69-85B9770A54D2}.Release|Any CPU.ActiveCfg = Release|Any CPU
		{1EF9A84C-DB63-46CC-8C69-85B9770A54D2}.Release|Any CPU.Build.0 = Release|Any CPU
		{A6D3761D-D551-400C-B815-C812EE813B59}.Debug|Any CPU.ActiveCfg = Debug|Any CPU
		{A6D3761D-D551-400C-B815-C812EE813B59}.Debug|Any CPU.Build.0 = Debug|Any CPU
		{A6D3761D-D551-400C-B815-C812EE813B59}.Release|Any CPU.ActiveCfg = Release|Any CPU
		{A6D3761D-D551-400C-B815-C812EE813B59}.Release|Any CPU.Build.0 = Release|Any CPU
	EndGlobalSection
	GlobalSection(SolutionProperties) = preSolution
		HideSolutionNode = FALSE
	EndGlobalSection
	GlobalSection(ExtensibilityGlobals) = postSolution
		SolutionGuid = {FA27EDBC-9A2B-44BF-AF11-39D9F632D408}
	EndGlobalSection
EndGlobal
